[[package]]
name = "rubik"
version = "0.1.0"
dependencies = [
 "smallvec 0.5.0 (registry+https://github.com/rust-lang/crates.io-index)",
]

[[package]]
name = "smallvec"
version = "0.5.0"
source = "registry+https://github.com/rust-lang/crates.io-index"

[metadata]
"checksum smallvec 0.5.0 (registry+https://github.com/rust-lang/crates.io-index)" = "872c0ff227000041c520cca51e883b858d388ab0ecf646bab76f065cebaec025"
